
Microsoft Visual Studio Solution File, Format Version 12.00
# Visual Studio Version 18
VisualStudioVersion = 18.2.11415.280
MinimumVisualStudioVersion = 10.0.40219.1
Project("{FAE04EC0-301F-11D3-BF4B-00C04F79EFBC}") = "SchoolEntities", "Homework_1\SchoolEntities.csproj", "{879AC7FA-3232-4FA9-82F0-99153724DEFE}"
EndProject
Project("{FAE04EC0-301F-11D3-BF4B-00C04F79EFBC}") = "StarAtlas.API", "StarAtlas.API\StarAtlas.API.csproj", "{A6CA3300-5B3B-4240-8F1B-0B1FC2E36619}"
EndProject
Global
	GlobalSection(SolutionConfigurationPlatforms) = preSolution
		Debug|Any CPU = Debug|Any CPU
		Release|Any CPU = Release|Any CPU
	EndGlobalSection
	GlobalSection(ProjectConfigurationPlatforms) = postSolution
		{879AC7FA-3232-4FA9-82F0-99153724DEFE}.Debug|Any CPU.ActiveCfg = Debug|Any CPU
		{879AC7FA-3232-4FA9-82F0-99153724DEFE}.Debug|Any CPU.Build.0 = Debug|Any CPU
		{879AC7FA-3232-4FA9-82F0-99153724DEFE}.Release|Any CPU.ActiveCfg = Release|Any CPU
		{879AC7FA-3232-4FA9-82F0-99153724DEFE}.Release|Any CPU.Build.0 = Release|Any CPU
		{A6CA3300-5B3B-4240-8F1B-0B1FC2E36619}.Debug|Any CPU.ActiveCfg = Debug|Any CPU
		{A6CA3300-5B3B-4240-8F1B-0B1FC2E36619}.Debug|Any CPU.Build.0 = Debug|Any CPU
		{A6CA3300-5B3B-4240-8F1B-0B1FC2E36619}.Release|Any CPU.ActiveCfg = Release|Any CPU
		{A6CA3300-5B3B-4240-8F1B-0B1FC2E36619}.Release|Any CPU.Build.0 = Release|Any CPU
	EndGlobalSection
	GlobalSection(SolutionProperties) = preSolution
		HideSolutionNode = FALSE
	EndGlobalSection
	GlobalSection(ExtensibilityGlobals) = postSolution
		SolutionGuid = {7F0AD6BE-A02C-4FC4-899B-B44A9203EF9A}
	EndGlobalSection
EndGlobal
