
Microsoft Visual Studio Solution File, Format Version 12.00
# Visual Studio Version 17
VisualStudioVersion = 17.14.36915.13 d17.14
MinimumVisualStudioVersion = 10.0.40219.1
Project("{2150E333-8FDC-42A3-9474-1A3956D46DE8}") = "Presentation", "Presentation", "{054B5520-08C6-4291-84E9-F1A7F3330FFD}"
EndProject
Project("{2150E333-8FDC-42A3-9474-1A3956D46DE8}") = "Business", "Business", "{4D5A5555-C86D-41C5-BA9E-91B681CCFAC5}"
EndProject
Project("{2150E333-8FDC-42A3-9474-1A3956D46DE8}") = "Data", "Data", "{327F3C4C-33A1-493B-8353-129CEB8BB4DD}"
EndProject
Project("{FAE04EC0-301F-11D3-BF4B-00C04F79EFBC}") = "StarAtlas.Application", "Business\StarAtlas.Application\StarAtlas.Application.csproj", "{55381064-8A22-ADC9-5A4C-75E5A8284C9D}"
EndProject
Project("{FAE04EC0-301F-11D3-BF4B-00C04F79EFBC}") = "StarAtlas.Domain", "Data\StarAtlas.Domain\StarAtlas.Domain.csproj", "{DE8253B3-602B-18B8-0E5B-2BB6941AF139}"
EndProject
Project("{FAE04EC0-301F-11D3-BF4B-00C04F79EFBC}") = "StarAtlas.Infrastructure", "Data\StarAtlas.Infrastructure\StarAtlas.Infrastructure.csproj", "{10D309CB-EE48-F4A9-31DA-2023DCCAE9BC}"
EndProject
Project("{FAE04EC0-301F-11D3-BF4B-00C04F79EFBC}") = "StarAtlas.Persistence", "Data\StarAtlas.Persistence\StarAtlas.Persistence.csproj", "{67ADD1E3-CAA1-1D08-5934-D6ECFED36F8E}"
EndProject
Project("{FAE04EC0-301F-11D3-BF4B-00C04F79EFBC}") = "StarAtlas.API", "Presentation\StarAtlas.API\StarAtlas.API.csproj", "{09E3C1B3-7F85-975D-A5FE-6AB6C7D63C24}"
EndProject
Global
	GlobalSection(SolutionConfigurationPlatforms) = preSolution
		Debug|Any CPU = Debug|Any CPU
		Release|Any CPU = Release|Any CPU
	EndGlobalSection
	GlobalSection(ProjectConfigurationPlatforms) = postSolution
		{55381064-8A22-ADC9-5A4C-75E5A8284C9D}.Debug|Any CPU.ActiveCfg = Debug|Any CPU
		{55381064-8A22-ADC9-5A4C-75E5A8284C9D}.Debug|Any CPU.Build.0 = Debug|Any CPU
		{55381064-8A22-ADC9-5A4C-75E5A8284C9D}.Release|Any CPU.ActiveCfg = Release|Any CPU
		{55381064-8A22-ADC9-5A4C-75E5A8284C9D}.Release|Any CPU.Build.0 = Release|Any CPU
		{DE8253B3-602B-18B8-0E5B-2BB6941AF139}.Debug|Any CPU.ActiveCfg = Debug|Any CPU
		{DE8253B3-602B-18B8-0E5B-2BB6941AF139}.Debug|Any CPU.Build.0 = Debug|Any CPU
		{DE8253B3-602B-18B8-0E5B-2BB6941AF139}.Release|Any CPU.ActiveCfg = Release|Any CPU
		{DE8253B3-602B-18B8-0E5B-2BB6941AF139}.Release|Any CPU.Build.0 = Release|Any CPU
		{10D309CB-EE48-F4A9-31DA-2023DCCAE9BC}.Debug|Any CPU.ActiveCfg = Debug|Any CPU
		{10D309CB-EE48-F4A9-31DA-2023DCCAE9BC}.Debug|Any CPU.Build.0 = Debug|Any CPU
		{10D309CB-EE48-F4A9-31DA-2023DCCAE9BC}.Release|Any CPU.ActiveCfg = Release|Any CPU
		{10D309CB-EE48-F4A9-31DA-2023DCCAE9BC}.Release|Any CPU.Build.0 = Release|Any CPU
		{67ADD1E3-CAA1-1D08-5934-D6ECFED36F8E}.Debug|Any CPU.ActiveCfg = Debug|Any CPU
		{67ADD1E3-CAA1-1D08-5934-D6ECFED36F8E}.Debug|Any CPU.Build.0 = Debug|Any CPU
		{67ADD1E3-CAA1-1D08-5934-D6ECFED36F8E}.Release|Any CPU.ActiveCfg = Release|Any CPU
		{67ADD1E3-CAA1-1D08-5934-D6ECFED36F8E}.Release|Any CPU.Build.0 = Release|Any CPU
		{09E3C1B3-7F85-975D-A5FE-6AB6C7D63C24}.Debug|Any CPU.ActiveCfg = Debug|Any CPU
		{09E3C1B3-7F85-975D-A5FE-6AB6C7D63C24}.Debug|Any CPU.Build.0 = Debug|Any CPU
		{09E3C1B3-7F85-975D-A5FE-6AB6C7D63C24}.Release|Any CPU.ActiveCfg = Release|Any CPU
		{09E3C1B3-7F85-975D-A5FE-6AB6C7D63C24}.Release|Any CPU.Build.0 = Release|Any CPU
	EndGlobalSection
	GlobalSection(SolutionProperties) = preSolution
		HideSolutionNode = FALSE
	EndGlobalSection
	GlobalSection(NestedProjects) = preSolution
		{55381064-8A22-ADC9-5A4C-75E5A8284C9D} = {4D5A5555-C86D-41C5-BA9E-91B681CCFAC5}
		{DE8253B3-602B-18B8-0E5B-2BB6941AF139} = {327F3C4C-33A1-493B-8353-129CEB8BB4DD}
		{10D309CB-EE48-F4A9-31DA-2023DCCAE9BC} = {327F3C4C-33A1-493B-8353-129CEB8BB4DD}
		{67ADD1E3-CAA1-1D08-5934-D6ECFED36F8E} = {327F3C4C-33A1-493B-8353-129CEB8BB4DD}
		{09E3C1B3-7F85-975D-A5FE-6AB6C7D63C24} = {054B5520-08C6-4291-84E9-F1A7F3330FFD}
	EndGlobalSection
	GlobalSection(ExtensibilityGlobals) = postSolution
		SolutionGuid = {7F0AD6BE-A02C-4FC4-899B-B44A9203EF9A}
	EndGlobalSection
EndGlobal
